# This file was autogenerated by Stack.
# You should not edit this file by hand.
# For more information, please see the documentation at:
#   https://docs.haskellstack.org/en/stable/lock_files

packages:
- completed:
    hackage: tasty-json-0.1.0.0@sha256:b975931bf5ab7b54ee856382b52a03acae68c8328f03c4beb565104a1a3d624a,1204
    pantry-tree:
      size: 279
      sha256: 14eaa553e525a6e25954d1aeee1ec988c2a22ce91752d5fca164306b3c3bc0a2
  original:
    hackage: tasty-json-0.1.0.0
snapshots:
- completed:
    size: 605110
    url: https://raw.githubusercontent.com/commercialhaskell/stackage-snapshots/master/nightly/2022/6/6.yaml
    sha256: 26ea900ee8601fee24ff84981e92f304d384c73ee32d5504299133b5eb177e87
  original: nightly-2022-06-06
