# This file was autogenerated by Stack.
# You should not edit this file by hand.
# For more information, please see the documentation at:
#   https://docs.haskellstack.org/en/stable/lock_files

packages:
- completed:
    hackage: tasty-json-0.1.0.0@sha256:a06fdadd650ff9f729319daf69f57eacf91f389a851983d07fe1354d58851061,1143
    pantry-tree:
      size: 279
      sha256: 3217217b2fb3d9eb9a68259d19f6819eb86ba2829bfb9293e7cb4cb739ee21ef
  original:
    hackage: tasty-json-0.1.0.0@sha256:a06fdadd650ff9f729319daf69f57eacf91f389a851983d07fe1354d58851061,1143
snapshots:
- completed:
    size: 605110
    url: https://raw.githubusercontent.com/commercialhaskell/stackage-snapshots/master/nightly/2022/6/6.yaml
    sha256: 26ea900ee8601fee24ff84981e92f304d384c73ee32d5504299133b5eb177e87
  original: nightly-2022-06-06
