# This file was autogenerated by Stack.
# You should not edit this file by hand.
# For more information, please see the documentation at:
#   https://docs.haskellstack.org/en/stable/lock_files

packages:
- completed:
    hackage: dequeue-0.1.12@sha256:547c2a71819dca0ae1bf7c15fb290b39f80d5d9a6f9985a06a1cb8645b578df2,855
    pantry-tree:
      size: 436
      sha256: ac0f83f7cf92d5858f9f3b1d61b9da52fa2918af8eebde1e0bc7bb652c2d3d99
  original:
    hackage: dequeue-0.1.12
- completed:
    hackage: clock-0.7.2@sha256:c5c2514aead260101c7528d10bf0f41d9d1d7b919136e2dff77a57ec16740bd2,3820
    pantry-tree:
      size: 387
      sha256: 53ac32a3a03f5bf9409617970725a09f0d249ff212c90b18050d4ade51c03f4d
  original:
    hackage: clock-0.7.2
- completed:
    hackage: elsa-0.2.1.1@sha256:824e7329b578fe408b9b4fa0922ff9f3d5b9d4a8a3aad3dd5829ff96122ef4a6,2262
    pantry-tree:
      size: 761
      sha256: c8b2356eb31ba6b86df255e55663fc2883cdeab55ee5eaac495f31c1f153ecd8
  original:
    hackage: elsa-0.2.1.1
- completed:
    hackage: json-0.10@sha256:d9fc6b07ce92b8894825a17d2cf14799856767eb30c8bf55962baa579207d799,3210
    pantry-tree:
      size: 3190
      sha256: 5654f66b7cd8bf087ac040a9b0a83eb064219eab32230f61a3adeddfdbb4d4cd
  original:
    hackage: json-0.10@sha256:d9fc6b07ce92b8894825a17d2cf14799856767eb30c8bf55962baa579207d799,3210
snapshots:
- completed:
    size: 605110
    url: https://raw.githubusercontent.com/commercialhaskell/stackage-snapshots/master/nightly/2022/6/6.yaml
    sha256: 26ea900ee8601fee24ff84981e92f304d384c73ee32d5504299133b5eb177e87
  original: nightly-2022-06-06
